github.com/GRVYDEV/S.A.T.U.R.D.A.Y/log v0.0.0-20230726165431-f1d355a1a072 h1:5RxleQrH4w7PehlsAu756vvnxcsNuEt8ojOwArCygI0=
github.com/GRVYDEV/S.A.T.U.R.D.A.Y/log v0.0.0-20230726165431-f1d355a1a072/go.mod h1:YmO3ijW8Lqjp9iGcBw825iwiMoHV8kNMgsbpvW+oFKg=
golang.org/x/exp v0.0.0-20230522175609-2e198f4a06a1 h1:k/i9J1pBpvlfR+9QsetwPyERsqu1GIbi967PQMq3Ivc=
golang.org/x/exp v0.0.0-20230522175609-2e198f4a06a1/go.mod h1:V1LtkGg67GoY2N1AnLN78QLrzxkLyJw7RJb1gzOOz9w=
